<?xml version="1.0" encoding="utf-8"?>
<Project ToolsVersion="4.0" xmlns="http://schemas.microsoft.com/developer/msbuild/2003">
  <ItemGroup>
    <ClCompile Include="..\..\celt\libcelt\bands.c">
      <Filter>Source Files</Filter>
    </ClCompile>
    <ClCompile Include="..\..\celt\libcelt\celt.c">
      <Filter>Source Files</Filter>
    </ClCompile>
    <ClCompile Include="..\..\celt\libcelt\cwrs.c">
      <Filter>Source Files</Filter>
    </ClCompile>
    <ClCompile Include="..\..\celt\libcelt\entcode.c">
      <Filter>Source Files</Filter>
    </ClCompile>
    <ClCompile Include="..\..\celt\libcelt\entdec.c">
      <Filter>Source Files</Filter>
    </ClCompile>
    <ClCompile Include="..\..\celt\libcelt\entenc.c">
      <Filter>Source Files</Filter>
    </ClCompile>
    <ClCompile Include="..\..\celt\libcelt\header.c">
      <Filter>Source Files</Filter>
    </ClCompile>
    <ClCompile Include="..\..\celt\libcelt\kiss_fft.c">
      <Filter>Source Files</Filter>
    </ClCompile>
    <ClCompile Include="..\..\celt\libcelt\kiss_fftr.c">
      <Filter>Source Files</Filter>
    </ClCompile>
    <ClCompile Include="..\..\celt\libcelt\laplace.c">
      <Filter>Source Files</Filter>
    </ClCompile>
    <ClCompile Include="..\..\celt\libcelt\mdct.c">
      <Filter>Source Files</Filter>
    </ClCompile>
    <ClCompile Include="..\..\celt\libcelt\modes.c">
      <Filter>Source Files</Filter>
    </ClCompile>
    <ClCompile Include="..\..\celt\libcelt\pitch.c">
      <Filter>Source Files</Filter>
    </ClCompile>
    <ClCompile Include="..\..\celt\libcelt\psy.c">
      <Filter>Source Files</Filter>
    </ClCompile>
    <ClCompile Include="..\..\celt\libcelt\quant_bands.c">
      <Filter>Source Files</Filter>
    </ClCompile>
    <ClCompile Include="..\..\celt\libcelt\rangedec.c">
      <Filter>Source Files</Filter>
    </ClCompile>
    <ClCompile Include="..\..\celt\libcelt\rangeenc.c">
      <Filter>Source Files</Filter>
    </ClCompile>
    <ClCompile Include="..\..\celt\libcelt\rate.c">
      <Filter>Source Files</Filter>
    </ClCompile>
    <ClCompile Include="..\..\celt\libcelt\vq.c">
      <Filter>Source Files</Filter>
    </ClCompile>
  </ItemGroup>
  <ItemGroup>
    <Filter Include="Source Files">
      <UniqueIdentifier>{D30BD500-FF11-4554-A477-10CD58E6F6B4}</UniqueIdentifier>
    </Filter>
  </ItemGroup>
</Project>