<?xml version="1.0" encoding="utf-8"?>
<Project ToolsVersion="4.0" xmlns="http://schemas.microsoft.com/developer/msbuild/2003">
  <ItemGroup>
    <ClCompile Include="..\client.cc">
      <Filter>Source Files</Filter>
    </ClCompile>
    <ClCompile Include="..\client_lib.cc">
      <Filter>Source Files</Filter>
    </ClCompile>
    <ClCompile Include="..\CryptState.cpp">
      <Filter>Source Files</Filter>
    </ClCompile>
    <ClCompile Include="..\logging.cpp">
      <Filter>Source Files</Filter>
    </ClCompile>
    <ClCompile Include="..\Mumble.pb.cc">
      <Filter>Source Files</Filter>
    </ClCompile>
  </ItemGroup>
  <ItemGroup>
    <ClInclude Include="..\channel.h">
      <Filter>Header Files</Filter>
    </ClInclude>
    <ClInclude Include="..\client.h">
      <Filter>Header Files</Filter>
    </ClInclude>
    <ClInclude Include="..\client_lib.h">
      <Filter>Header Files</Filter>
    </ClInclude>
    <ClInclude Include="..\CryptState.h">
      <Filter>Header Files</Filter>
    </ClInclude>
    <ClInclude Include="..\logging.h">
      <Filter>Header Files</Filter>
    </ClInclude>
    <ClInclude Include="..\messages.h">
      <Filter>Header Files</Filter>
    </ClInclude>
    <ClInclude Include="..\settings.h">
      <Filter>Header Files</Filter>
    </ClInclude>
    <ClInclude Include="..\user.h">
      <Filter>Header Files</Filter>
    </ClInclude>
    <ClInclude Include="..\visibility.h">
      <Filter>Header Files</Filter>
    </ClInclude>
    <ClInclude Include="..\Mumble.pb.h">
      <Filter>Header Files</Filter>
    </ClInclude>
  </ItemGroup>
  <ItemGroup>
    <CustomBuild Include="..\CMakeLists.txt" />
    <CustomBuild Include="CMakeFiles\7985bcf183968dba50ae1e0caccc7c9b\Mumble.pb.cc.rule">
      <Filter>CMake Rules</Filter>
    </CustomBuild>
  </ItemGroup>
  <ItemGroup>
    <Filter Include="Source Files">
      <UniqueIdentifier>{D30BD500-FF11-4554-A477-10CD58E6F6B4}</UniqueIdentifier>
    </Filter>
    <Filter Include="Header Files">
      <UniqueIdentifier>{88C05C1E-4704-434C-8E14-A8D68347B43A}</UniqueIdentifier>
    </Filter>
    <Filter Include="CMake Rules">
      <UniqueIdentifier>{67AD8BB4-7A4B-4AF0-8BD2-ADDBD4563CC3}</UniqueIdentifier>
    </Filter>
  </ItemGroup>
</Project>